
Microsoft Visual Studio Solution File, Format Version 12.00
# Visual Studio Version 16
VisualStudioVersion = 16.0.30709.132
MinimumVisualStudioVersion = 10.0.40219.1
Project("{FAE04EC0-301F-11D3-BF4B-00C04F79EFBC}") = "FinalYearProjet", "FinalYearProjet\FinalYearProjet.csproj", "{2A70D91B-C126-413D-98D2-5C40F140C97D}"
EndProject
Global
	GlobalSection(SolutionConfigurationPlatforms) = preSolution
		Debug|Any CPU = Debug|Any CPU
		Release|Any CPU = Release|Any CPU
	EndGlobalSection
	GlobalSection(ProjectConfigurationPlatforms) = postSolution
		{2A70D91B-C126-413D-98D2-5C40F140C97D}.Debug|Any CPU.ActiveCfg = Debug|Any CPU
		{2A70D91B-C126-413D-98D2-5C40F140C97D}.Debug|Any CPU.Build.0 = Debug|Any CPU
		{2A70D91B-C126-413D-98D2-5C40F140C97D}.Release|Any CPU.ActiveCfg = Release|Any CPU
		{2A70D91B-C126-413D-98D2-5C40F140C97D}.Release|Any CPU.Build.0 = Release|Any CPU
	EndGlobalSection
	GlobalSection(SolutionProperties) = preSolution
		HideSolutionNode = FALSE
	EndGlobalSection
	GlobalSection(ExtensibilityGlobals) = postSolution
		SolutionGuid = {87C1FF43-E0AC-49E5-84AB-1AD5999A9A2A}
	EndGlobalSection
EndGlobal
